
Microsoft Visual Studio Solution File, Format Version 12.00
# Visual Studio Version 16
VisualStudioVersion = 16.0.29806.167
MinimumVisualStudioVersion = 10.0.40219.1
Project("{FAE04EC0-301F-11D3-BF4B-00C04F79EFBC}") = "MyAirport", "MyAirport\MyAirport.csproj", "{466743D4-F1D6-40AE-BF17-19B3A2FCA37C}"
EndProject
Project("{FAE04EC0-301F-11D3-BF4B-00C04F79EFBC}") = "MyAirport.EF", "MyAirport.EF\MyAirport.EF.csproj", "{A8D72DEB-3918-44C9-B84A-D7377B7EC8CB}"
EndProject
Global
	GlobalSection(SolutionConfigurationPlatforms) = preSolution
		Debug|Any CPU = Debug|Any CPU
		Release|Any CPU = Release|Any CPU
	EndGlobalSection
	GlobalSection(ProjectConfigurationPlatforms) = postSolution
		{466743D4-F1D6-40AE-BF17-19B3A2FCA37C}.Debug|Any CPU.ActiveCfg = Debug|Any CPU
		{466743D4-F1D6-40AE-BF17-19B3A2FCA37C}.Debug|Any CPU.Build.0 = Debug|Any CPU
		{466743D4-F1D6-40AE-BF17-19B3A2FCA37C}.Release|Any CPU.ActiveCfg = Release|Any CPU
		{466743D4-F1D6-40AE-BF17-19B3A2FCA37C}.Release|Any CPU.Build.0 = Release|Any CPU
		{A8D72DEB-3918-44C9-B84A-D7377B7EC8CB}.Debug|Any CPU.ActiveCfg = Debug|Any CPU
		{A8D72DEB-3918-44C9-B84A-D7377B7EC8CB}.Debug|Any CPU.Build.0 = Debug|Any CPU
		{A8D72DEB-3918-44C9-B84A-D7377B7EC8CB}.Release|Any CPU.ActiveCfg = Release|Any CPU
		{A8D72DEB-3918-44C9-B84A-D7377B7EC8CB}.Release|Any CPU.Build.0 = Release|Any CPU
	EndGlobalSection
	GlobalSection(SolutionProperties) = preSolution
		HideSolutionNode = FALSE
	EndGlobalSection
	GlobalSection(ExtensibilityGlobals) = postSolution
		SolutionGuid = {F9C4F16C-C6DB-4065-B434-F2AA04FC1200}
	EndGlobalSection
EndGlobal
